// !$*UTF8*$!
{
	archiveVersion = 1;
	classes = {
	};
	objectVersion = 51;
	objects = {

/* Begin PBXBuildFile section */
		124A6749252632CC001D5F60 /* GoogleService-Info.plist in Resources */ = {isa = PBXBuildFile; fileRef = 124A6748252632CC001D5F60 /* GoogleService-Info.plist */; };
		124A6750252638D1001D5F60 /* Env.plist in Resources */ = {isa = PBXBuildFile; fileRef = 124A674F252638D1001D5F60 /* Env.plist */; };
		124A6754252640D4001D5F60 /* Game.swift in Sources */ = {isa = PBXBuildFile; fileRef = 124A6753252640D4001D5F60 /* Game.swift */; };
		124F0621252626630035114C /* AppDelegate.swift in Sources */ = {isa = PBXBuildFile; fileRef = 124F0620252626630035114C /* AppDelegate.swift */; };
		124F0623252626630035114C /* ContentView.swift in Sources */ = {isa = PBXBuildFile; fileRef = 124F0622252626630035114C /* ContentView.swift */; };
		124F0625252626640035114C /* Assets.xcassets in Resources */ = {isa = PBXBuildFile; fileRef = 124F0624252626640035114C /* Assets.xcassets */; };
		124F0628252626640035114C /* Preview Assets.xcassets in Resources */ = {isa = PBXBuildFile; fileRef = 124F0627252626640035114C /* Preview Assets.xcassets */; };
		124F062B252626640035114C /* Main.storyboard in Resources */ = {isa = PBXBuildFile; fileRef = 124F0629252626640035114C /* Main.storyboard */; };
		12FED78A252630EC00902C99 /* CloudStorage.swift in Sources */ = {isa = PBXBuildFile; fileRef = 12FED789252630EC00902C99 /* CloudStorage.swift */; };
		12FED78D252630F900902C99 /* WebServer.swift in Sources */ = {isa = PBXBuildFile; fileRef = 12FED78C252630F900902C99 /* WebServer.swift */; };
		32AAE9B12BFE3A94DF7C1A33 /* Pods_pingg_server.framework in Frameworks */ = {isa = PBXBuildFile; fileRef = 5661D647DF32AA505F6C7A83 /* Pods_pingg_server.framework */; };
/* End PBXBuildFile section */

/* Begin PBXFileReference section */
		124A6748252632CC001D5F60 /* GoogleService-Info.plist */ = {isa = PBXFileReference; fileEncoding = 4; lastKnownFileType = text.plist.xml; path = "GoogleService-Info.plist"; sourceTree = "<group>"; };
		124A674F252638D1001D5F60 /* Env.plist */ = {isa = PBXFileReference; lastKnownFileType = text.plist.xml; path = Env.plist; sourceTree = "<group>"; };
		124A6753252640D4001D5F60 /* Game.swift */ = {isa = PBXFileReference; lastKnownFileType = sourcecode.swift; path = Game.swift; sourceTree = "<group>"; };
		124F061D252626630035114C /* pingg-server.app */ = {isa = PBXFileReference; explicitFileType = wrapper.application; includeInIndex = 0; path = "pingg-server.app"; sourceTree = BUILT_PRODUCTS_DIR; };
		124F0620252626630035114C /* AppDelegate.swift */ = {isa = PBXFileReference; lastKnownFileType = sourcecode.swift; path = AppDelegate.swift; sourceTree = "<group>"; };
		124F0622252626630035114C /* ContentView.swift */ = {isa = PBXFileReference; lastKnownFileType = sourcecode.swift; path = ContentView.swift; sourceTree = "<group>"; };
		124F0624252626640035114C /* Assets.xcassets */ = {isa = PBXFileReference; lastKnownFileType = folder.assetcatalog; path = Assets.xcassets; sourceTree = "<group>"; };
		124F0627252626640035114C /* Preview Assets.xcassets */ = {isa = PBXFileReference; lastKnownFileType = folder.assetcatalog; path = "Preview Assets.xcassets"; sourceTree = "<group>"; };
		124F062A252626640035114C /* Base */ = {isa = PBXFileReference; lastKnownFileType = file.storyboard; name = Base; path = Base.lproj/Main.storyboard; sourceTree = "<group>"; };
		124F062C252626640035114C /* Info.plist */ = {isa = PBXFileReference; lastKnownFileType = text.plist.xml; path = Info.plist; sourceTree = "<group>"; };
		124F062D252626640035114C /* pingg_server.entitlements */ = {isa = PBXFileReference; lastKnownFileType = text.plist.entitlements; path = pingg_server.entitlements; sourceTree = "<group>"; };
		12FED789252630EC00902C99 /* CloudStorage.swift */ = {isa = PBXFileReference; lastKnownFileType = sourcecode.swift; path = CloudStorage.swift; sourceTree = "<group>"; };
		12FED78C252630F900902C99 /* WebServer.swift */ = {isa = PBXFileReference; lastKnownFileType = sourcecode.swift; path = WebServer.swift; sourceTree = "<group>"; };
		5661D647DF32AA505F6C7A83 /* Pods_pingg_server.framework */ = {isa = PBXFileReference; explicitFileType = wrapper.framework; includeInIndex = 0; path = Pods_pingg_server.framework; sourceTree = BUILT_PRODUCTS_DIR; };
		65A6602722721918DE33CCA6 /* Pods-pingg-server.debug.xcconfig */ = {isa = PBXFileReference; includeInIndex = 1; lastKnownFileType = text.xcconfig; name = "Pods-pingg-server.debug.xcconfig"; path = "Target Support Files/Pods-pingg-server/Pods-pingg-server.debug.xcconfig"; sourceTree = "<group>"; };
		7E2AFDA87A04A1AF9B71E871 /* Pods-pingg-server.release.xcconfig */ = {isa = PBXFileReference; includeInIndex = 1; lastKnownFileType = text.xcconfig; name = "Pods-pingg-server.release.xcconfig"; path = "Target Support Files/Pods-pingg-server/Pods-pingg-server.release.xcconfig"; sourceTree = "<group>"; };
/* End PBXFileReference section */

/* Begin PBXFrameworksBuildPhase section */
		124F061A252626630035114C /* Frameworks */ = {
			isa = PBXFrameworksBuildPhase;
			buildActionMask = 2147483647;
			files = (
				32AAE9B12BFE3A94DF7C1A33 /* Pods_pingg_server.framework in Frameworks */,
			);
			runOnlyForDeploymentPostprocessing = 0;
		};
/* End PBXFrameworksBuildPhase section */

/* Begin PBXGroup section */
		124A6752252640C9001D5F60 /* Models */ = {
			isa = PBXGroup;
			children = (
				124A6753252640D4001D5F60 /* Game.swift */,
			);
			path = Models;
			sourceTree = "<group>";
		};
		124F0614252626630035114C = {
			isa = PBXGroup;
			children = (
				124F061F252626630035114C /* pingg-server */,
				124F061E252626630035114C /* Products */,
				7A964BD6893E3B99AF4CAD65 /* Pods */,
				D3397ACD6CBC1E362E719A56 /* Frameworks */,
			);
			sourceTree = "<group>";
		};
		124F061E252626630035114C /* Products */ = {
			isa = PBXGroup;
			children = (
				124F061D252626630035114C /* pingg-server.app */,
			);
			name = Products;
			sourceTree = "<group>";
		};
		124F061F252626630035114C /* pingg-server */ = {
			isa = PBXGroup;
			children = (
				124A6752252640C9001D5F60 /* Models */,
				124F0620252626630035114C /* AppDelegate.swift */,
				124F0622252626630035114C /* ContentView.swift */,
				12FED78F2526310E00902C99 /* Services */,
				124F0624252626640035114C /* Assets.xcassets */,
				124F0629252626640035114C /* Main.storyboard */,
				124F062C252626640035114C /* Info.plist */,
				124A6748252632CC001D5F60 /* GoogleService-Info.plist */,
				124A674F252638D1001D5F60 /* Env.plist */,
				124F062D252626640035114C /* pingg_server.entitlements */,
				124F0626252626640035114C /* Preview Content */,
			);
			path = "pingg-server";
			sourceTree = "<group>";
		};
		124F0626252626640035114C /* Preview Content */ = {
			isa = PBXGroup;
			children = (
				124F0627252626640035114C /* Preview Assets.xcassets */,
			);
			path = "Preview Content";
			sourceTree = "<group>";
		};
		12FED78F2526310E00902C99 /* Services */ = {
			isa = PBXGroup;
			children = (
				12FED78C252630F900902C99 /* WebServer.swift */,
				12FED789252630EC00902C99 /* CloudStorage.swift */,
			);
			path = Services;
			sourceTree = "<group>";
		};
		7A964BD6893E3B99AF4CAD65 /* Pods */ = {
			isa = PBXGroup;
			children = (
				65A6602722721918DE33CCA6 /* Pods-pingg-server.debug.xcconfig */,
				7E2AFDA87A04A1AF9B71E871 /* Pods-pingg-server.release.xcconfig */,
			);
			path = Pods;
			sourceTree = "<group>";
		};
		D3397ACD6CBC1E362E719A56 /* Frameworks */ = {
			isa = PBXGroup;
			children = (
				5661D647DF32AA505F6C7A83 /* Pods_pingg_server.framework */,
			);
			name = Frameworks;
			sourceTree = "<group>";
		};
/* End PBXGroup section */

/* Begin PBXNativeTarget section */
		124F061C252626630035114C /* pingg-server */ = {
			isa = PBXNativeTarget;
			buildConfigurationList = 124F0630252626640035114C /* Build configuration list for PBXNativeTarget "pingg-server" */;
			buildPhases = (
				F42C672574CED83A9C5A30E6 /* [CP] Check Pods Manifest.lock */,
				124F0619252626630035114C /* Sources */,
				124F061A252626630035114C /* Frameworks */,
				124F061B252626630035114C /* Resources */,
				348FF859E531A6227A75FEBC /* [CP] Embed Pods Frameworks */,
			);
			buildRules = (
			);
			dependencies = (
			);
			name = "pingg-server";
			productName = "pingg-server";
			productReference = 124F061D252626630035114C /* pingg-server.app */;
			productType = "com.apple.product-type.application";
		};
/* End PBXNativeTarget section */

/* Begin PBXProject section */
		124F0615252626630035114C /* Project object */ = {
			isa = PBXProject;
			attributes = {
				LastSwiftUpdateCheck = 1200;
				LastUpgradeCheck = 1200;
				TargetAttributes = {
					124F061C252626630035114C = {
						CreatedOnToolsVersion = 12.0.1;
					};
				};
			};
			buildConfigurationList = 124F0618252626630035114C /* Build configuration list for PBXProject "pingg-server" */;
			compatibilityVersion = "Xcode 9.3";
			developmentRegion = en;
			hasScannedForEncodings = 0;
			knownRegions = (
				en,
				Base,
			);
			mainGroup = 124F0614252626630035114C;
			productRefGroup = 124F061E252626630035114C /* Products */;
			projectDirPath = "";
			projectRoot = "";
			targets = (
				124F061C252626630035114C /* pingg-server */,
			);
		};
/* End PBXProject section */

/* Begin PBXResourcesBuildPhase section */
		124F061B252626630035114C /* Resources */ = {
			isa = PBXResourcesBuildPhase;
			buildActionMask = 2147483647;
			files = (
				124A6750252638D1001D5F60 /* Env.plist in Resources */,
				124F062B252626640035114C /* Main.storyboard in Resources */,
				124A6749252632CC001D5F60 /* GoogleService-Info.plist in Resources */,
				124F0628252626640035114C /* Preview Assets.xcassets in Resources */,
				124F0625252626640035114C /* Assets.xcassets in Resources */,
			);
			runOnlyForDeploymentPostprocessing = 0;
		};
/* End PBXResourcesBuildPhase section */

/* Begin PBXShellScriptBuildPhase section */
		348FF859E531A6227A75FEBC /* [CP] Embed Pods Frameworks */ = {
			isa = PBXShellScriptBuildPhase;
			buildActionMask = 2147483647;
			files = (
			);
			inputFileListPaths = (
				"${PODS_ROOT}/Target Support Files/Pods-pingg-server/Pods-pingg-server-frameworks-${CONFIGURATION}-input-files.xcfilelist",
			);
			name = "[CP] Embed Pods Frameworks";
			outputFileListPaths = (
				"${PODS_ROOT}/Target Support Files/Pods-pingg-server/Pods-pingg-server-frameworks-${CONFIGURATION}-output-files.xcfilelist",
			);
			runOnlyForDeploymentPostprocessing = 0;
			shellPath = /bin/sh;
			shellScript = "\"${PODS_ROOT}/Target Support Files/Pods-pingg-server/Pods-pingg-server-frameworks.sh\"\n";
			showEnvVarsInLog = 0;
		};
		F42C672574CED83A9C5A30E6 /* [CP] Check Pods Manifest.lock */ = {
			isa = PBXShellScriptBuildPhase;
			buildActionMask = 2147483647;
			files = (
			);
			inputFileListPaths = (
			);
			inputPaths = (
				"${PODS_PODFILE_DIR_PATH}/Podfile.lock",
				"${PODS_ROOT}/Manifest.lock",
			);
			name = "[CP] Check Pods Manifest.lock";
			outputFileListPaths = (
			);
			outputPaths = (
				"$(DERIVED_FILE_DIR)/Pods-pingg-server-checkManifestLockResult.txt",
			);
			runOnlyForDeploymentPostprocessing = 0;
			shellPath = /bin/sh;
			shellScript = "diff \"${PODS_PODFILE_DIR_PATH}/Podfile.lock\" \"${PODS_ROOT}/Manifest.lock\" > /dev/null\nif [ $? != 0 ] ; then\n    # print error to STDERR\n    echo \"error: The sandbox is not in sync with the Podfile.lock. Run 'pod install' or update your CocoaPods installation.\" >&2\n    exit 1\nfi\n# This output is used by Xcode 'outputs' to avoid re-running this script phase.\necho \"SUCCESS\" > \"${SCRIPT_OUTPUT_FILE_0}\"\n";
			showEnvVarsInLog = 0;
		};
/* End PBXShellScriptBuildPhase section */

/* Begin PBXSourcesBuildPhase section */
		124F0619252626630035114C /* Sources */ = {
			isa = PBXSourcesBuildPhase;
			buildActionMask = 2147483647;
			files = (
				12FED78A252630EC00902C99 /* CloudStorage.swift in Sources */,
				124A6754252640D4001D5F60 /* Game.swift in Sources */,
				124F0623252626630035114C /* ContentView.swift in Sources */,
				124F0621252626630035114C /* AppDelegate.swift in Sources */,
				12FED78D252630F900902C99 /* WebServer.swift in Sources */,
			);
			runOnlyForDeploymentPostprocessing = 0;
		};
/* End PBXSourcesBuildPhase section */

/* Begin PBXVariantGroup section */
		124F0629252626640035114C /* Main.storyboard */ = {
			isa = PBXVariantGroup;
			children = (
				124F062A252626640035114C /* Base */,
			);
			name = Main.storyboard;
			sourceTree = "<group>";
		};
/* End PBXVariantGroup section */

/* Begin XCBuildConfiguration section */
		124F062E252626640035114C /* Debug */ = {
			isa = XCBuildConfiguration;
			buildSettings = {
				ALWAYS_SEARCH_USER_PATHS = NO;
				CLANG_ANALYZER_NONNULL = YES;
				CLANG_ANALYZER_NUMBER_OBJECT_CONVERSION = YES_AGGRESSIVE;
				CLANG_CXX_LANGUAGE_STANDARD = "gnu++14";
				CLANG_CXX_LIBRARY = "libc++";
				CLANG_ENABLE_MODULES = YES;
				CLANG_ENABLE_OBJC_ARC = YES;
				CLANG_ENABLE_OBJC_WEAK = YES;
				CLANG_WARN_BLOCK_CAPTURE_AUTORELEASING = YES;
				CLANG_WARN_BOOL_CONVERSION = YES;
				CLANG_WARN_COMMA = YES;
				CLANG_WARN_CONSTANT_CONVERSION = YES;
				CLANG_WARN_DEPRECATED_OBJC_IMPLEMENTATIONS = YES;
				CLANG_WARN_DIRECT_OBJC_ISA_USAGE = YES_ERROR;
				CLANG_WARN_DOCUMENTATION_COMMENTS = YES;
				CLANG_WARN_EMPTY_BODY = YES;
				CLANG_WARN_ENUM_CONVERSION = YES;
				CLANG_WARN_INFINITE_RECURSION = YES;
				CLANG_WARN_INT_CONVERSION = YES;
				CLANG_WARN_NON_LITERAL_NULL_CONVERSION = YES;
				CLANG_WARN_OBJC_IMPLICIT_RETAIN_SELF = YES;
				CLANG_WARN_OBJC_LITERAL_CONVERSION = YES;
				CLANG_WARN_OBJC_ROOT_CLASS = YES_ERROR;
				CLANG_WARN_QUOTED_INCLUDE_IN_FRAMEWORK_HEADER = YES;
				CLANG_WARN_RANGE_LOOP_ANALYSIS = YES;
				CLANG_WARN_STRICT_PROTOTYPES = YES;
				CLANG_WARN_SUSPICIOUS_MOVE = YES;
				CLANG_WARN_UNGUARDED_AVAILABILITY = YES_AGGRESSIVE;
				CLANG_WARN_UNREACHABLE_CODE = YES;
				CLANG_WARN__DUPLICATE_METHOD_MATCH = YES;
				COPY_PHASE_STRIP = NO;
				DEBUG_INFORMATION_FORMAT = dwarf;
				ENABLE_STRICT_OBJC_MSGSEND = YES;
				ENABLE_TESTABILITY = YES;
				GCC_C_LANGUAGE_STANDARD = gnu11;
				GCC_DYNAMIC_NO_PIC = NO;
				GCC_NO_COMMON_BLOCKS = YES;
				GCC_OPTIMIZATION_LEVEL = 0;
				GCC_PREPROCESSOR_DEFINITIONS = (
					"DEBUG=1",
					"$(inherited)",
				);
				GCC_WARN_64_TO_32_BIT_CONVERSION = YES;
				GCC_WARN_ABOUT_RETURN_TYPE = YES_ERROR;
				GCC_WARN_UNDECLARED_SELECTOR = YES;
				GCC_WARN_UNINITIALIZED_AUTOS = YES_AGGRESSIVE;
				GCC_WARN_UNUSED_FUNCTION = YES;
				GCC_WARN_UNUSED_VARIABLE = YES;
				MACOSX_DEPLOYMENT_TARGET = 10.15;
				MTL_ENABLE_DEBUG_INFO = INCLUDE_SOURCE;
				MTL_FAST_MATH = YES;
				ONLY_ACTIVE_ARCH = YES;
				SDKROOT = macosx;
				SWIFT_ACTIVE_COMPILATION_CONDITIONS = DEBUG;
				SWIFT_OPTIMIZATION_LEVEL = "-Onone";
			};
			name = Debug;
		};
		124F062F252626640035114C /* Release */ = {
			isa = XCBuildConfiguration;
			buildSettings = {
				ALWAYS_SEARCH_USER_PATHS = NO;
				CLANG_ANALYZER_NONNULL = YES;
				CLANG_ANALYZER_NUMBER_OBJECT_CONVERSION = YES_AGGRESSIVE;
				CLANG_CXX_LANGUAGE_STANDARD = "gnu++14";
				CLANG_CXX_LIBRARY = "libc++";
				CLANG_ENABLE_MODULES = YES;
				CLANG_ENABLE_OBJC_ARC = YES;
				CLANG_ENABLE_OBJC_WEAK = YES;
				CLANG_WARN_BLOCK_CAPTURE_AUTORELEASING = YES;
				CLANG_WARN_BOOL_CONVERSION = YES;
				CLANG_WARN_COMMA = YES;
				CLANG_WARN_CONSTANT_CONVERSION = YES;
				CLANG_WARN_DEPRECATED_OBJC_IMPLEMENTATIONS = YES;
				CLANG_WARN_DIRECT_OBJC_ISA_USAGE = YES_ERROR;
				CLANG_WARN_DOCUMENTATION_COMMENTS = YES;
				CLANG_WARN_EMPTY_BODY = YES;
				CLANG_WARN_ENUM_CONVERSION = YES;
				CLANG_WARN_INFINITE_RECURSION = YES;
				CLANG_WARN_INT_CONVERSION = YES;
				CLANG_WARN_NON_LITERAL_NULL_CONVERSION = YES;
				CLANG_WARN_OBJC_IMPLICIT_RETAIN_SELF = YES;
				CLANG_WARN_OBJC_LITERAL_CONVERSION = YES;
				CLANG_WARN_OBJC_ROOT_CLASS = YES_ERROR;
				CLANG_WARN_QUOTED_INCLUDE_IN_FRAMEWORK_HEADER = YES;
				CLANG_WARN_RANGE_LOOP_ANALYSIS = YES;
				CLANG_WARN_STRICT_PROTOTYPES = YES;
				CLANG_WARN_SUSPICIOUS_MOVE = YES;
				CLANG_WARN_UNGUARDED_AVAILABILITY = YES_AGGRESSIVE;
				CLANG_WARN_UNREACHABLE_CODE = YES;
				CLANG_WARN__DUPLICATE_METHOD_MATCH = YES;
				COPY_PHASE_STRIP = NO;
				DEBUG_INFORMATION_FORMAT = "dwarf-with-dsym";
				ENABLE_NS_ASSERTIONS = NO;
				ENABLE_STRICT_OBJC_MSGSEND = YES;
				GCC_C_LANGUAGE_STANDARD = gnu11;
				GCC_NO_COMMON_BLOCKS = YES;
				GCC_WARN_64_TO_32_BIT_CONVERSION = YES;
				GCC_WARN_ABOUT_RETURN_TYPE = YES_ERROR;
				GCC_WARN_UNDECLARED_SELECTOR = YES;
				GCC_WARN_UNINITIALIZED_AUTOS = YES_AGGRESSIVE;
				GCC_WARN_UNUSED_FUNCTION = YES;
				GCC_WARN_UNUSED_VARIABLE = YES;
				MACOSX_DEPLOYMENT_TARGET = 10.15;
				MTL_ENABLE_DEBUG_INFO = NO;
				MTL_FAST_MATH = YES;
				SDKROOT = macosx;
				SWIFT_COMPILATION_MODE = wholemodule;
				SWIFT_OPTIMIZATION_LEVEL = "-O";
			};
			name = Release;
		};
		124F0631252626640035114C /* Debug */ = {
			isa = XCBuildConfiguration;
			baseConfigurationReference = 65A6602722721918DE33CCA6 /* Pods-pingg-server.debug.xcconfig */;
			buildSettings = {
				ASSETCATALOG_COMPILER_APPICON_NAME = AppIcon;
				ASSETCATALOG_COMPILER_GLOBAL_ACCENT_COLOR_NAME = AccentColor;
				CODE_SIGN_ENTITLEMENTS = "pingg-server/pingg_server.entitlements";
				CODE_SIGN_STYLE = Automatic;
				COMBINE_HIDPI_IMAGES = YES;
				DEVELOPMENT_ASSET_PATHS = "\"pingg-server/Preview Content\"";
				DEVELOPMENT_TEAM = P3QT9AKU76;
				ENABLE_HARDENED_RUNTIME = YES;
				ENABLE_PREVIEWS = YES;
				INFOPLIST_FILE = "pingg-server/Info.plist";
				LD_RUNPATH_SEARCH_PATHS = (
					"$(inherited)",
					"@executable_path/../Frameworks",
				);
				MACOSX_DEPLOYMENT_TARGET = 10.15;
				PRODUCT_BUNDLE_IDENTIFIER = "com.ZacharyGrimaldi.pingg-server";
				PRODUCT_NAME = "$(TARGET_NAME)";
				SWIFT_VERSION = 5.0;
			};
			name = Debug;
		};
		124F0632252626640035114C /* Release */ = {
			isa = XCBuildConfiguration;
			baseConfigurationReference = 7E2AFDA87A04A1AF9B71E871 /* Pods-pingg-server.release.xcconfig */;
			buildSettings = {
				ASSETCATALOG_COMPILER_APPICON_NAME = AppIcon;
				ASSETCATALOG_COMPILER_GLOBAL_ACCENT_COLOR_NAME = AccentColor;
				CODE_SIGN_ENTITLEMENTS = "pingg-server/pingg_server.entitlements";
				CODE_SIGN_STYLE = Automatic;
				COMBINE_HIDPI_IMAGES = YES;
				DEVELOPMENT_ASSET_PATHS = "\"pingg-server/Preview Content\"";
				DEVELOPMENT_TEAM = P3QT9AKU76;
				ENABLE_HARDENED_RUNTIME = YES;
				ENABLE_PREVIEWS = YES;
				INFOPLIST_FILE = "pingg-server/Info.plist";
				LD_RUNPATH_SEARCH_PATHS = (
					"$(inherited)",
					"@executable_path/../Frameworks",
				);
				MACOSX_DEPLOYMENT_TARGET = 10.15;
				PRODUCT_BUNDLE_IDENTIFIER = "com.ZacharyGrimaldi.pingg-server";
				PRODUCT_NAME = "$(TARGET_NAME)";
				SWIFT_VERSION = 5.0;
			};
			name = Release;
		};
/* End XCBuildConfiguration section */

/* Begin XCConfigurationList section */
		124F0618252626630035114C /* Build configuration list for PBXProject "pingg-server" */ = {
			isa = XCConfigurationList;
			buildConfigurations = (
				124F062E252626640035114C /* Debug */,
				124F062F252626640035114C /* Release */,
			);
			defaultConfigurationIsVisible = 0;
			defaultConfigurationName = Release;
		};
		124F0630252626640035114C /* Build configuration list for PBXNativeTarget "pingg-server" */ = {
			isa = XCConfigurationList;
			buildConfigurations = (
				124F0631252626640035114C /* Debug */,
				124F0632252626640035114C /* Release */,
			);
			defaultConfigurationIsVisible = 0;
			defaultConfigurationName = Release;
		};
/* End XCConfigurationList section */
	};
	rootObject = 124F0615252626630035114C /* Project object */;
}
